
Microsoft Visual Studio Solution File, Format Version 12.00
# Visual Studio Version 18
VisualStudioVersion = 18.3.11312.210 d18.3
MinimumVisualStudioVersion = 10.0.40219.1
Project("{FAE04EC0-301F-11D3-BF4B-00C04F79EFBC}") = "MedicineStock", "MedicineStock\MedicineStock.csproj", "{0C7FBAC4-1A5D-4A8E-AC54-EAD21ACB56DB}"
EndProject
Project("{FAE04EC0-301F-11D3-BF4B-00C04F79EFBC}") = "GeographicLocation", "GeographicLocation\GeographicLocation.csproj", "{C4D13355-DBC1-4F82-BB90-A73591C856E8}"
EndProject
Project("{FAE04EC0-301F-11D3-BF4B-00C04F79EFBC}") = "CHi", "CHi\CHi.csproj", "{B0794C8A-8C6B-41C8-A104-404ED65D96DE}"
EndProject
Project("{FAE04EC0-301F-11D3-BF4B-00C04F79EFBC}") = "ExecuteMonitor", "ExecuteMonitor\ExecuteMonitor.csproj", "{E0BEFC57-6572-4A0E-B518-7A989725A209}"
EndProject
Project("{FAE04EC0-301F-11D3-BF4B-00C04F79EFBC}") = "CopyLogonBackgroundPicture", "CopyLogonBackgroundPicture\CopyLogonBackgroundPicture.csproj", "{5B829DB1-A70F-496F-89B0-A5E63E0F1840}"
EndProject
Project("{FAE04EC0-301F-11D3-BF4B-00C04F79EFBC}") = "LastSunday", "LastSunday\LastSunday.csproj", "{A1675DEA-2D11-4060-B5F8-AE4011851E11}"
EndProject
Global
	GlobalSection(SolutionConfigurationPlatforms) = preSolution
		Debug|Any CPU = Debug|Any CPU
		Release|Any CPU = Release|Any CPU
	EndGlobalSection
	GlobalSection(ProjectConfigurationPlatforms) = postSolution
		{0C7FBAC4-1A5D-4A8E-AC54-EAD21ACB56DB}.Debug|Any CPU.ActiveCfg = Debug|Any CPU
		{0C7FBAC4-1A5D-4A8E-AC54-EAD21ACB56DB}.Debug|Any CPU.Build.0 = Debug|Any CPU
		{0C7FBAC4-1A5D-4A8E-AC54-EAD21ACB56DB}.Release|Any CPU.ActiveCfg = Release|Any CPU
		{0C7FBAC4-1A5D-4A8E-AC54-EAD21ACB56DB}.Release|Any CPU.Build.0 = Release|Any CPU
		{C4D13355-DBC1-4F82-BB90-A73591C856E8}.Debug|Any CPU.ActiveCfg = Debug|Any CPU
		{C4D13355-DBC1-4F82-BB90-A73591C856E8}.Debug|Any CPU.Build.0 = Debug|Any CPU
		{C4D13355-DBC1-4F82-BB90-A73591C856E8}.Release|Any CPU.ActiveCfg = Release|Any CPU
		{C4D13355-DBC1-4F82-BB90-A73591C856E8}.Release|Any CPU.Build.0 = Release|Any CPU
		{B0794C8A-8C6B-41C8-A104-404ED65D96DE}.Debug|Any CPU.ActiveCfg = Debug|Any CPU
		{B0794C8A-8C6B-41C8-A104-404ED65D96DE}.Debug|Any CPU.Build.0 = Debug|Any CPU
		{B0794C8A-8C6B-41C8-A104-404ED65D96DE}.Release|Any CPU.ActiveCfg = Release|Any CPU
		{B0794C8A-8C6B-41C8-A104-404ED65D96DE}.Release|Any CPU.Build.0 = Release|Any CPU
		{E0BEFC57-6572-4A0E-B518-7A989725A209}.Debug|Any CPU.ActiveCfg = Debug|Any CPU
		{E0BEFC57-6572-4A0E-B518-7A989725A209}.Debug|Any CPU.Build.0 = Debug|Any CPU
		{E0BEFC57-6572-4A0E-B518-7A989725A209}.Release|Any CPU.ActiveCfg = Release|Any CPU
		{E0BEFC57-6572-4A0E-B518-7A989725A209}.Release|Any CPU.Build.0 = Release|Any CPU
		{5B829DB1-A70F-496F-89B0-A5E63E0F1840}.Debug|Any CPU.ActiveCfg = Debug|Any CPU
		{5B829DB1-A70F-496F-89B0-A5E63E0F1840}.Debug|Any CPU.Build.0 = Debug|Any CPU
		{5B829DB1-A70F-496F-89B0-A5E63E0F1840}.Release|Any CPU.ActiveCfg = Release|Any CPU
		{5B829DB1-A70F-496F-89B0-A5E63E0F1840}.Release|Any CPU.Build.0 = Release|Any CPU
		{A1675DEA-2D11-4060-B5F8-AE4011851E11}.Debug|Any CPU.ActiveCfg = Debug|Any CPU
		{A1675DEA-2D11-4060-B5F8-AE4011851E11}.Debug|Any CPU.Build.0 = Debug|Any CPU
		{A1675DEA-2D11-4060-B5F8-AE4011851E11}.Release|Any CPU.ActiveCfg = Release|Any CPU
		{A1675DEA-2D11-4060-B5F8-AE4011851E11}.Release|Any CPU.Build.0 = Release|Any CPU
	EndGlobalSection
	GlobalSection(SolutionProperties) = preSolution
		HideSolutionNode = FALSE
	EndGlobalSection
	GlobalSection(ExtensibilityGlobals) = postSolution
		SolutionGuid = {3E0A4F7B-FE2D-4877-9F57-43873693342C}
	EndGlobalSection
EndGlobal
