
Microsoft Visual Studio Solution File, Format Version 12.00
# Visual Studio Version 17
VisualStudioVersion = 17.1.31911.260
MinimumVisualStudioVersion = 10.0.40219.1
Project("{FAE04EC0-301F-11D3-BF4B-00C04F79EFBC}") = "Jaarboek", "Jaarboek\Jaarboek.csproj", "{D86BFEDF-2EFA-4DB3-AE62-0D0CB917E8A5}"
EndProject
Global
	GlobalSection(SolutionConfigurationPlatforms) = preSolution
		Debug|Any CPU = Debug|Any CPU
		Release|Any CPU = Release|Any CPU
	EndGlobalSection
	GlobalSection(ProjectConfigurationPlatforms) = postSolution
		{D86BFEDF-2EFA-4DB3-AE62-0D0CB917E8A5}.Debug|Any CPU.ActiveCfg = Debug|Any CPU
		{D86BFEDF-2EFA-4DB3-AE62-0D0CB917E8A5}.Debug|Any CPU.Build.0 = Debug|Any CPU
		{D86BFEDF-2EFA-4DB3-AE62-0D0CB917E8A5}.Release|Any CPU.ActiveCfg = Release|Any CPU
		{D86BFEDF-2EFA-4DB3-AE62-0D0CB917E8A5}.Release|Any CPU.Build.0 = Release|Any CPU
	EndGlobalSection
	GlobalSection(SolutionProperties) = preSolution
		HideSolutionNode = FALSE
	EndGlobalSection
	GlobalSection(ExtensibilityGlobals) = postSolution
		SolutionGuid = {B2BA88F7-E56D-4708-B1AA-E7D864E2B2C1}
	EndGlobalSection
EndGlobal
